// !$*UTF8*$!
{
	archiveVersion = 1;
	classes = {
	};
	objectVersion = 77;
	objects = {

/* Begin PBXContainerItemProxy section */
		DB0BD2742D428B4D002702A4 /* PBXContainerItemProxy */ = {
			isa = PBXContainerItemProxy;
			containerPortal = DB0BD25B2D428B4C002702A4 /* Project object */;
			proxyType = 1;
			remoteGlobalIDString = DB0BD2622D428B4C002702A4;
			remoteInfo = amazon_clone;
		};
		DB0BD27E2D428B4D002702A4 /* PBXContainerItemProxy */ = {
			isa = PBXContainerItemProxy;
			containerPortal = DB0BD25B2D428B4C002702A4 /* Project object */;
			proxyType = 1;
			remoteGlobalIDString = DB0BD2622D428B4C002702A4;
			remoteInfo = amazon_clone;
		};
/* End PBXContainerItemProxy section */

/* Begin PBXFileReference section */
		DB0BD2632D428B4C002702A4 /* amazon_clone.app */ = {isa = PBXFileReference; explicitFileType = wrapper.application; includeInIndex = 0; path = amazon_clone.app; sourceTree = BUILT_PRODUCTS_DIR; };
		DB0BD2732D428B4D002702A4 /* amazon_cloneTests.xctest */ = {isa = PBXFileReference; explicitFileType = wrapper.cfbundle; includeInIndex = 0; path = amazon_cloneTests.xctest; sourceTree = BUILT_PRODUCTS_DIR; };
		DB0BD27D2D428B4D002702A4 /* amazon_cloneUITests.xctest */ = {isa = PBXFileReference; explicitFileType = wrapper.cfbundle; includeInIndex = 0; path = amazon_cloneUITests.xctest; sourceTree = BUILT_PRODUCTS_DIR; };
/* End PBXFileReference section */

/* Begin PBXFileSystemSynchronizedRootGroup section */
		DB0BD2652D428B4C002702A4 /* amazon_clone */ = {
			isa = PBXFileSystemSynchronizedRootGroup;
			path = amazon_clone;
			sourceTree = "<group>";
		};
		DB0BD2762D428B4D002702A4 /* amazon_cloneTests */ = {
			isa = PBXFileSystemSynchronizedRootGroup;
			path = amazon_cloneTests;
			sourceTree = "<group>";
		};
		DB0BD2802D428B4D002702A4 /* amazon_cloneUITests */ = {
			isa = PBXFileSystemSynchronizedRootGroup;
			path = amazon_cloneUITests;
			sourceTree = "<group>";
		};
/* End PBXFileSystemSynchronizedRootGroup section */

/* Begin PBXFrameworksBuildPhase section */
		DB0BD2602D428B4C002702A4 /* Frameworks */ = {
			isa = PBXFrameworksBuildPhase;
			buildActionMask = 2147483647;
			files = (
			);
			runOnlyForDeploymentPostprocessing = 0;
		};
		DB0BD2702D428B4D002702A4 /* Frameworks */ = {
			isa = PBXFrameworksBuildPhase;
			buildActionMask = 2147483647;
			files = (
			);
			runOnlyForDeploymentPostprocessing = 0;
		};
		DB0BD27A2D428B4D002702A4 /* Frameworks */ = {
			isa = PBXFrameworksBuildPhase;
			buildActionMask = 2147483647;
			files = (
			);
			runOnlyForDeploymentPostprocessing = 0;
		};
/* End PBXFrameworksBuildPhase section */

/* Begin PBXGroup section */
		DB0BD25A2D428B4B002702A4 = {
			isa = PBXGroup;
			children = (
				DB0BD2652D428B4C002702A4 /* amazon_clone */,
				DB0BD2762D428B4D002702A4 /* amazon_cloneTests */,
				DB0BD2802D428B4D002702A4 /* amazon_cloneUITests */,
				DB0BD2642D428B4C002702A4 /* Products */,
			);
			sourceTree = "<group>";
		};
		DB0BD2642D428B4C002702A4 /* Products */ = {
			isa = PBXGroup;
			children = (
				DB0BD2632D428B4C002702A4 /* amazon_clone.app */,
				DB0BD2732D428B4D002702A4 /* amazon_cloneTests.xctest */,
				DB0BD27D2D428B4D002702A4 /* amazon_cloneUITests.xctest */,
			);
			name = Products;
			sourceTree = "<group>";
		};
/* End PBXGroup section */

/* Begin PBXNativeTarget section */
		DB0BD2622D428B4C002702A4 /* amazon_clone */ = {
			isa = PBXNativeTarget;
			buildConfigurationList = DB0BD2872D428B4D002702A4 /* Build configuration list for PBXNativeTarget "amazon_clone" */;
			buildPhases = (
				DB0BD25F2D428B4C002702A4 /* Sources */,
				DB0BD2602D428B4C002702A4 /* Frameworks */,
				DB0BD2612D428B4C002702A4 /* Resources */,
			);
			buildRules = (
			);
			dependencies = (
			);
			fileSystemSynchronizedGroups = (
				DB0BD2652D428B4C002702A4 /* amazon_clone */,
			);
			name = amazon_clone;
			packageProductDependencies = (
			);
			productName = amazon_clone;
			productReference = DB0BD2632D428B4C002702A4 /* amazon_clone.app */;
			productType = "com.apple.product-type.application";
		};
		DB0BD2722D428B4D002702A4 /* amazon_cloneTests */ = {
			isa = PBXNativeTarget;
			buildConfigurationList = DB0BD28A2D428B4D002702A4 /* Build configuration list for PBXNativeTarget "amazon_cloneTests" */;
			buildPhases = (
				DB0BD26F2D428B4D002702A4 /* Sources */,
				DB0BD2702D428B4D002702A4 /* Frameworks */,
				DB0BD2712D428B4D002702A4 /* Resources */,
			);
			buildRules = (
			);
			dependencies = (
				DB0BD2752D428B4D002702A4 /* PBXTargetDependency */,
			);
			fileSystemSynchronizedGroups = (
				DB0BD2762D428B4D002702A4 /* amazon_cloneTests */,
			);
			name = amazon_cloneTests;
			packageProductDependencies = (
			);
			productName = amazon_cloneTests;
			productReference = DB0BD2732D428B4D002702A4 /* amazon_cloneTests.xctest */;
			productType = "com.apple.product-type.bundle.unit-test";
		};
		DB0BD27C2D428B4D002702A4 /* amazon_cloneUITests */ = {
			isa = PBXNativeTarget;
			buildConfigurationList = DB0BD28D2D428B4D002702A4 /* Build configuration list for PBXNativeTarget "amazon_cloneUITests" */;
			buildPhases = (
				DB0BD2792D428B4D002702A4 /* Sources */,
				DB0BD27A2D428B4D002702A4 /* Frameworks */,
				DB0BD27B2D428B4D002702A4 /* Resources */,
			);
			buildRules = (
			);
			dependencies = (
				DB0BD27F2D428B4D002702A4 /* PBXTargetDependency */,
			);
			fileSystemSynchronizedGroups = (
				DB0BD2802D428B4D002702A4 /* amazon_cloneUITests */,
			);
			name = amazon_cloneUITests;
			packageProductDependencies = (
			);
			productName = amazon_cloneUITests;
			productReference = DB0BD27D2D428B4D002702A4 /* amazon_cloneUITests.xctest */;
			productType = "com.apple.product-type.bundle.ui-testing";
		};
/* End PBXNativeTarget section */

/* Begin PBXProject section */
		DB0BD25B2D428B4C002702A4 /* Project object */ = {
			isa = PBXProject;
			attributes = {
				BuildIndependentTargetsInParallel = 1;
				LastSwiftUpdateCheck = 1620;
				LastUpgradeCheck = 1620;
				TargetAttributes = {
					DB0BD2622D428B4C002702A4 = {
						CreatedOnToolsVersion = 16.2;
					};
					DB0BD2722D428B4D002702A4 = {
						CreatedOnToolsVersion = 16.2;
						TestTargetID = DB0BD2622D428B4C002702A4;
					};
					DB0BD27C2D428B4D002702A4 = {
						CreatedOnToolsVersion = 16.2;
						TestTargetID = DB0BD2622D428B4C002702A4;
					};
				};
			};
			buildConfigurationList = DB0BD25E2D428B4C002702A4 /* Build configuration list for PBXProject "amazon_clone" */;
			developmentRegion = en;
			hasScannedForEncodings = 0;
			knownRegions = (
				en,
				Base,
			);
			mainGroup = DB0BD25A2D428B4B002702A4;
			minimizedProjectReferenceProxies = 1;
			preferredProjectObjectVersion = 77;
			productRefGroup = DB0BD2642D428B4C002702A4 /* Products */;
			projectDirPath = "";
			projectRoot = "";
			targets = (
				DB0BD2622D428B4C002702A4 /* amazon_clone */,
				DB0BD2722D428B4D002702A4 /* amazon_cloneTests */,
				DB0BD27C2D428B4D002702A4 /* amazon_cloneUITests */,
			);
		};
/* End PBXProject section */

/* Begin PBXResourcesBuildPhase section */
		DB0BD2612D428B4C002702A4 /* Resources */ = {
			isa = PBXResourcesBuildPhase;
			buildActionMask = 2147483647;
			files = (
			);
			runOnlyForDeploymentPostprocessing = 0;
		};
		DB0BD2712D428B4D002702A4 /* Resources */ = {
			isa = PBXResourcesBuildPhase;
			buildActionMask = 2147483647;
			files = (
			);
			runOnlyForDeploymentPostprocessing = 0;
		};
		DB0BD27B2D428B4D002702A4 /* Resources */ = {
			isa = PBXResourcesBuildPhase;
			buildActionMask = 2147483647;
			files = (
			);
			runOnlyForDeploymentPostprocessing = 0;
		};
/* End PBXResourcesBuildPhase section */

/* Begin PBXSourcesBuildPhase section */
		DB0BD25F2D428B4C002702A4 /* Sources */ = {
			isa = PBXSourcesBuildPhase;
			buildActionMask = 2147483647;
			files = (
			);
			runOnlyForDeploymentPostprocessing = 0;
		};
		DB0BD26F2D428B4D002702A4 /* Sources */ = {
			isa = PBXSourcesBuildPhase;
			buildActionMask = 2147483647;
			files = (
			);
			runOnlyForDeploymentPostprocessing = 0;
		};
		DB0BD2792D428B4D002702A4 /* Sources */ = {
			isa = PBXSourcesBuildPhase;
			buildActionMask = 2147483647;
			files = (
			);
			runOnlyForDeploymentPostprocessing = 0;
		};
/* End PBXSourcesBuildPhase section */

/* Begin PBXTargetDependency section */
		DB0BD2752D428B4D002702A4 /* PBXTargetDependency */ = {
			isa = PBXTargetDependency;
			target = DB0BD2622D428B4C002702A4 /* amazon_clone */;
			targetProxy = DB0BD2742D428B4D002702A4 /* PBXContainerItemProxy */;
		};
		DB0BD27F2D428B4D002702A4 /* PBXTargetDependency */ = {
			isa = PBXTargetDependency;
			target = DB0BD2622D428B4C002702A4 /* amazon_clone */;
			targetProxy = DB0BD27E2D428B4D002702A4 /* PBXContainerItemProxy */;
		};
/* End PBXTargetDependency section */

/* Begin XCBuildConfiguration section */
		DB0BD2852D428B4D002702A4 /* Debug */ = {
			isa = XCBuildConfiguration;
			buildSettings = {
				ALWAYS_SEARCH_USER_PATHS = NO;
				ASSETCATALOG_COMPILER_GENERATE_SWIFT_ASSET_SYMBOL_EXTENSIONS = YES;
				CLANG_ANALYZER_NONNULL = YES;
				CLANG_ANALYZER_NUMBER_OBJECT_CONVERSION = YES_AGGRESSIVE;
				CLANG_CXX_LANGUAGE_STANDARD = "gnu++20";
				CLANG_ENABLE_MODULES = YES;
				CLANG_ENABLE_OBJC_ARC = YES;
				CLANG_ENABLE_OBJC_WEAK = YES;
				CLANG_WARN_BLOCK_CAPTURE_AUTORELEASING = YES;
				CLANG_WARN_BOOL_CONVERSION = YES;
				CLANG_WARN_COMMA = YES;
				CLANG_WARN_CONSTANT_CONVERSION = YES;
				CLANG_WARN_DEPRECATED_OBJC_IMPLEMENTATIONS = YES;
				CLANG_WARN_DIRECT_OBJC_ISA_USAGE = YES_ERROR;
				CLANG_WARN_DOCUMENTATION_COMMENTS = YES;
				CLANG_WARN_EMPTY_BODY = YES;
				CLANG_WARN_ENUM_CONVERSION = YES;
				CLANG_WARN_INFINITE_RECURSION = YES;
				CLANG_WARN_INT_CONVERSION = YES;
				CLANG_WARN_NON_LITERAL_NULL_CONVERSION = YES;
				CLANG_WARN_OBJC_IMPLICIT_RETAIN_SELF = YES;
				CLANG_WARN_OBJC_LITERAL_CONVERSION = YES;
				CLANG_WARN_OBJC_ROOT_CLASS = YES_ERROR;
				CLANG_WARN_QUOTED_INCLUDE_IN_FRAMEWORK_HEADER = YES;
				CLANG_WARN_RANGE_LOOP_ANALYSIS = YES;
				CLANG_WARN_STRICT_PROTOTYPES = YES;
				CLANG_WARN_SUSPICIOUS_MOVE = YES;
				CLANG_WARN_UNGUARDED_AVAILABILITY = YES_AGGRESSIVE;
				CLANG_WARN_UNREACHABLE_CODE = YES;
				CLANG_WARN__DUPLICATE_METHOD_MATCH = YES;
				COPY_PHASE_STRIP = NO;
				DEBUG_INFORMATION_FORMAT = dwarf;
				ENABLE_STRICT_OBJC_MSGSEND = YES;
				ENABLE_TESTABILITY = YES;
				ENABLE_USER_SCRIPT_SANDBOXING = YES;
				GCC_C_LANGUAGE_STANDARD = gnu17;
				GCC_DYNAMIC_NO_PIC = NO;
				GCC_NO_COMMON_BLOCKS = YES;
				GCC_OPTIMIZATION_LEVEL = 0;
				GCC_PREPROCESSOR_DEFINITIONS = (
					"DEBUG=1",
					"$(inherited)",
				);
				GCC_WARN_64_TO_32_BIT_CONVERSION = YES;
				GCC_WARN_ABOUT_RETURN_TYPE = YES_ERROR;
				GCC_WARN_UNDECLARED_SELECTOR = YES;
				GCC_WARN_UNINITIALIZED_AUTOS = YES_AGGRESSIVE;
				GCC_WARN_UNUSED_FUNCTION = YES;
				GCC_WARN_UNUSED_VARIABLE = YES;
				IPHONEOS_DEPLOYMENT_TARGET = 18.2;
				LOCALIZATION_PREFERS_STRING_CATALOGS = YES;
				MTL_ENABLE_DEBUG_INFO = INCLUDE_SOURCE;
				MTL_FAST_MATH = YES;
				ONLY_ACTIVE_ARCH = YES;
				SDKROOT = iphoneos;
				SWIFT_ACTIVE_COMPILATION_CONDITIONS = "DEBUG $(inherited)";
				SWIFT_OPTIMIZATION_LEVEL = "-Onone";
			};
			name = Debug;
		};
		DB0BD2862D428B4D002702A4 /* Release */ = {
			isa = XCBuildConfiguration;
			buildSettings = {
				ALWAYS_SEARCH_USER_PATHS = NO;
				ASSETCATALOG_COMPILER_GENERATE_SWIFT_ASSET_SYMBOL_EXTENSIONS = YES;
				CLANG_ANALYZER_NONNULL = YES;
				CLANG_ANALYZER_NUMBER_OBJECT_CONVERSION = YES_AGGRESSIVE;
				CLANG_CXX_LANGUAGE_STANDARD = "gnu++20";
				CLANG_ENABLE_MODULES = YES;
				CLANG_ENABLE_OBJC_ARC = YES;
				CLANG_ENABLE_OBJC_WEAK = YES;
				CLANG_WARN_BLOCK_CAPTURE_AUTORELEASING = YES;
				CLANG_WARN_BOOL_CONVERSION = YES;
				CLANG_WARN_COMMA = YES;
				CLANG_WARN_CONSTANT_CONVERSION = YES;
				CLANG_WARN_DEPRECATED_OBJC_IMPLEMENTATIONS = YES;
				CLANG_WARN_DIRECT_OBJC_ISA_USAGE = YES_ERROR;
				CLANG_WARN_DOCUMENTATION_COMMENTS = YES;
				CLANG_WARN_EMPTY_BODY = YES;
				CLANG_WARN_ENUM_CONVERSION = YES;
				CLANG_WARN_INFINITE_RECURSION = YES;
				CLANG_WARN_INT_CONVERSION = YES;
				CLANG_WARN_NON_LITERAL_NULL_CONVERSION = YES;
				CLANG_WARN_OBJC_IMPLICIT_RETAIN_SELF = YES;
				CLANG_WARN_OBJC_LITERAL_CONVERSION = YES;
				CLANG_WARN_OBJC_ROOT_CLASS = YES_ERROR;
				CLANG_WARN_QUOTED_INCLUDE_IN_FRAMEWORK_HEADER = YES;
				CLANG_WARN_RANGE_LOOP_ANALYSIS = YES;
				CLANG_WARN_STRICT_PROTOTYPES = YES;
				CLANG_WARN_SUSPICIOUS_MOVE = YES;
				CLANG_WARN_UNGUARDED_AVAILABILITY = YES_AGGRESSIVE;
				CLANG_WARN_UNREACHABLE_CODE = YES;
				CLANG_WARN__DUPLICATE_METHOD_MATCH = YES;
				COPY_PHASE_STRIP = NO;
				DEBUG_INFORMATION_FORMAT = "dwarf-with-dsym";
				ENABLE_NS_ASSERTIONS = NO;
				ENABLE_STRICT_OBJC_MSGSEND = YES;
				ENABLE_USER_SCRIPT_SANDBOXING = YES;
				GCC_C_LANGUAGE_STANDARD = gnu17;
				GCC_NO_COMMON_BLOCKS = YES;
				GCC_WARN_64_TO_32_BIT_CONVERSION = YES;
				GCC_WARN_ABOUT_RETURN_TYPE = YES_ERROR;
				GCC_WARN_UNDECLARED_SELECTOR = YES;
				GCC_WARN_UNINITIALIZED_AUTOS = YES_AGGRESSIVE;
				GCC_WARN_UNUSED_FUNCTION = YES;
				GCC_WARN_UNUSED_VARIABLE = YES;
				IPHONEOS_DEPLOYMENT_TARGET = 18.2;
				LOCALIZATION_PREFERS_STRING_CATALOGS = YES;
				MTL_ENABLE_DEBUG_INFO = NO;
				MTL_FAST_MATH = YES;
				SDKROOT = iphoneos;
				SWIFT_COMPILATION_MODE = wholemodule;
				VALIDATE_PRODUCT = YES;
			};
			name = Release;
		};
		DB0BD2882D428B4D002702A4 /* Debug */ = {
			isa = XCBuildConfiguration;
			buildSettings = {
				ASSETCATALOG_COMPILER_APPICON_NAME = AppIcon;
				ASSETCATALOG_COMPILER_GLOBAL_ACCENT_COLOR_NAME = AccentColor;
				CODE_SIGN_STYLE = Automatic;
				CURRENT_PROJECT_VERSION = 1;
				DEVELOPMENT_ASSET_PATHS = "\"amazon_clone/Preview Content\"";
				ENABLE_PREVIEWS = YES;
				GENERATE_INFOPLIST_FILE = YES;
				INFOPLIST_KEY_UIApplicationSceneManifest_Generation = YES;
				INFOPLIST_KEY_UIApplicationSupportsIndirectInputEvents = YES;
				INFOPLIST_KEY_UILaunchScreen_Generation = YES;
				INFOPLIST_KEY_UISupportedInterfaceOrientations_iPad = "UIInterfaceOrientationPortrait UIInterfaceOrientationPortraitUpsideDown UIInterfaceOrientationLandscapeLeft UIInterfaceOrientationLandscapeRight";
				INFOPLIST_KEY_UISupportedInterfaceOrientations_iPhone = "UIInterfaceOrientationPortrait UIInterfaceOrientationLandscapeLeft UIInterfaceOrientationLandscapeRight";
				LD_RUNPATH_SEARCH_PATHS = (
					"$(inherited)",
					"@executable_path/Frameworks",
				);
				MARKETING_VERSION = 1.0;
				PRODUCT_BUNDLE_IDENTIFIER = "pfst.amazon-clone";
				PRODUCT_NAME = "$(TARGET_NAME)";
				SWIFT_EMIT_LOC_STRINGS = YES;
				SWIFT_VERSION = 5.0;
				TARGETED_DEVICE_FAMILY = "1,2";
			};
			name = Debug;
		};
		DB0BD2892D428B4D002702A4 /* Release */ = {
			isa = XCBuildConfiguration;
			buildSettings = {
				ASSETCATALOG_COMPILER_APPICON_NAME = AppIcon;
				ASSETCATALOG_COMPILER_GLOBAL_ACCENT_COLOR_NAME = AccentColor;
				CODE_SIGN_STYLE = Automatic;
				CURRENT_PROJECT_VERSION = 1;
				DEVELOPMENT_ASSET_PATHS = "\"amazon_clone/Preview Content\"";
				ENABLE_PREVIEWS = YES;
				GENERATE_INFOPLIST_FILE = YES;
				INFOPLIST_KEY_UIApplicationSceneManifest_Generation = YES;
				INFOPLIST_KEY_UIApplicationSupportsIndirectInputEvents = YES;
				INFOPLIST_KEY_UILaunchScreen_Generation = YES;
				INFOPLIST_KEY_UISupportedInterfaceOrientations_iPad = "UIInterfaceOrientationPortrait UIInterfaceOrientationPortraitUpsideDown UIInterfaceOrientationLandscapeLeft UIInterfaceOrientationLandscapeRight";
				INFOPLIST_KEY_UISupportedInterfaceOrientations_iPhone = "UIInterfaceOrientationPortrait UIInterfaceOrientationLandscapeLeft UIInterfaceOrientationLandscapeRight";
				LD_RUNPATH_SEARCH_PATHS = (
					"$(inherited)",
					"@executable_path/Frameworks",
				);
				MARKETING_VERSION = 1.0;
				PRODUCT_BUNDLE_IDENTIFIER = "pfst.amazon-clone";
				PRODUCT_NAME = "$(TARGET_NAME)";
				SWIFT_EMIT_LOC_STRINGS = YES;
				SWIFT_VERSION = 5.0;
				TARGETED_DEVICE_FAMILY = "1,2";
			};
			name = Release;
		};
		DB0BD28B2D428B4D002702A4 /* Debug */ = {
			isa = XCBuildConfiguration;
			buildSettings = {
				BUNDLE_LOADER = "$(TEST_HOST)";
				CODE_SIGN_STYLE = Automatic;
				CURRENT_PROJECT_VERSION = 1;
				GENERATE_INFOPLIST_FILE = YES;
				IPHONEOS_DEPLOYMENT_TARGET = 18.2;
				MARKETING_VERSION = 1.0;
				PRODUCT_BUNDLE_IDENTIFIER = "pfst.amazon-cloneTests";
				PRODUCT_NAME = "$(TARGET_NAME)";
				SWIFT_EMIT_LOC_STRINGS = NO;
				SWIFT_VERSION = 5.0;
				TARGETED_DEVICE_FAMILY = "1,2";
				TEST_HOST = "$(BUILT_PRODUCTS_DIR)/amazon_clone.app/$(BUNDLE_EXECUTABLE_FOLDER_PATH)/amazon_clone";
			};
			name = Debug;
		};
		DB0BD28C2D428B4D002702A4 /* Release */ = {
			isa = XCBuildConfiguration;
			buildSettings = {
				BUNDLE_LOADER = "$(TEST_HOST)";
				CODE_SIGN_STYLE = Automatic;
				CURRENT_PROJECT_VERSION = 1;
				GENERATE_INFOPLIST_FILE = YES;
				IPHONEOS_DEPLOYMENT_TARGET = 18.2;
				MARKETING_VERSION = 1.0;
				PRODUCT_BUNDLE_IDENTIFIER = "pfst.amazon-cloneTests";
				PRODUCT_NAME = "$(TARGET_NAME)";
				SWIFT_EMIT_LOC_STRINGS = NO;
				SWIFT_VERSION = 5.0;
				TARGETED_DEVICE_FAMILY = "1,2";
				TEST_HOST = "$(BUILT_PRODUCTS_DIR)/amazon_clone.app/$(BUNDLE_EXECUTABLE_FOLDER_PATH)/amazon_clone";
			};
			name = Release;
		};
		DB0BD28E2D428B4D002702A4 /* Debug */ = {
			isa = XCBuildConfiguration;
			buildSettings = {
				CODE_SIGN_STYLE = Automatic;
				CURRENT_PROJECT_VERSION = 1;
				GENERATE_INFOPLIST_FILE = YES;
				MARKETING_VERSION = 1.0;
				PRODUCT_BUNDLE_IDENTIFIER = "pfst.amazon-cloneUITests";
				PRODUCT_NAME = "$(TARGET_NAME)";
				SWIFT_EMIT_LOC_STRINGS = NO;
				SWIFT_VERSION = 5.0;
				TARGETED_DEVICE_FAMILY = "1,2";
				TEST_TARGET_NAME = amazon_clone;
			};
			name = Debug;
		};
		DB0BD28F2D428B4D002702A4 /* Release */ = {
			isa = XCBuildConfiguration;
			buildSettings = {
				CODE_SIGN_STYLE = Automatic;
				CURRENT_PROJECT_VERSION = 1;
				GENERATE_INFOPLIST_FILE = YES;
				MARKETING_VERSION = 1.0;
				PRODUCT_BUNDLE_IDENTIFIER = "pfst.amazon-cloneUITests";
				PRODUCT_NAME = "$(TARGET_NAME)";
				SWIFT_EMIT_LOC_STRINGS = NO;
				SWIFT_VERSION = 5.0;
				TARGETED_DEVICE_FAMILY = "1,2";
				TEST_TARGET_NAME = amazon_clone;
			};
			name = Release;
		};
/* End XCBuildConfiguration section */

/* Begin XCConfigurationList section */
		DB0BD25E2D428B4C002702A4 /* Build configuration list for PBXProject "amazon_clone" */ = {
			isa = XCConfigurationList;
			buildConfigurations = (
				DB0BD2852D428B4D002702A4 /* Debug */,
				DB0BD2862D428B4D002702A4 /* Release */,
			);
			defaultConfigurationIsVisible = 0;
			defaultConfigurationName = Release;
		};
		DB0BD2872D428B4D002702A4 /* Build configuration list for PBXNativeTarget "amazon_clone" */ = {
			isa = XCConfigurationList;
			buildConfigurations = (
				DB0BD2882D428B4D002702A4 /* Debug */,
				DB0BD2892D428B4D002702A4 /* Release */,
			);
			defaultConfigurationIsVisible = 0;
			defaultConfigurationName = Release;
		};
		DB0BD28A2D428B4D002702A4 /* Build configuration list for PBXNativeTarget "amazon_cloneTests" */ = {
			isa = XCConfigurationList;
			buildConfigurations = (
				DB0BD28B2D428B4D002702A4 /* Debug */,
				DB0BD28C2D428B4D002702A4 /* Release */,
			);
			defaultConfigurationIsVisible = 0;
			defaultConfigurationName = Release;
		};
		DB0BD28D2D428B4D002702A4 /* Build configuration list for PBXNativeTarget "amazon_cloneUITests" */ = {
			isa = XCConfigurationList;
			buildConfigurations = (
				DB0BD28E2D428B4D002702A4 /* Debug */,
				DB0BD28F2D428B4D002702A4 /* Release */,
			);
			defaultConfigurationIsVisible = 0;
			defaultConfigurationName = Release;
		};
/* End XCConfigurationList section */
	};
	rootObject = DB0BD25B2D428B4C002702A4 /* Project object */;
}
